
Microsoft Visual Studio Solution File, Format Version 12.00
# Visual Studio 15
VisualStudioVersion = 15.0.28010.2026
MinimumVisualStudioVersion = 10.0.40219.1
Project("{9A19103F-16F7-4668-BE54-9A1E7A4F7556}") = "Forro.Admin", "Forro.Admin\Forro.Admin.csproj", "{51025E4F-EF6F-4CB5-82F9-EB5EF2655CA1}"
EndProject
Project("{9A19103F-16F7-4668-BE54-9A1E7A4F7556}") = "Forro.Data", "Forro.Data\Forro.Data.csproj", "{66AABE63-4377-45BC-8EC7-699D5D9C7BC3}"
EndProject
Project("{9A19103F-16F7-4668-BE54-9A1E7A4F7556}") = "Forro.Domain", "Forro.Domain\Forro.Domain.csproj", "{F856EDFF-D28A-4AFA-A9BF-32C5B100B158}"
EndProject
Project("{9A19103F-16F7-4668-BE54-9A1E7A4F7556}") = "Forro.Services", "Forro.Services\Forro.Services.csproj", "{B2C7D1DC-6462-4413-8D41-6F3F5A891517}"
EndProject
Project("{9A19103F-16F7-4668-BE54-9A1E7A4F7556}") = "Forro.Lambda", "Forro.Lambda\Forro.Lambda.csproj", "{5AFFF878-6A66-4BAB-9160-080215556EFD}"
EndProject
Global
	GlobalSection(SolutionConfigurationPlatforms) = preSolution
		Debug|Any CPU = Debug|Any CPU
		Release|Any CPU = Release|Any CPU
	EndGlobalSection
	GlobalSection(ProjectConfigurationPlatforms) = postSolution
		{51025E4F-EF6F-4CB5-82F9-EB5EF2655CA1}.Debug|Any CPU.ActiveCfg = Debug|Any CPU
		{51025E4F-EF6F-4CB5-82F9-EB5EF2655CA1}.Debug|Any CPU.Build.0 = Debug|Any CPU
		{51025E4F-EF6F-4CB5-82F9-EB5EF2655CA1}.Release|Any CPU.ActiveCfg = Release|Any CPU
		{51025E4F-EF6F-4CB5-82F9-EB5EF2655CA1}.Release|Any CPU.Build.0 = Release|Any CPU
		{66AABE63-4377-45BC-8EC7-699D5D9C7BC3}.Debug|Any CPU.ActiveCfg = Debug|Any CPU
		{66AABE63-4377-45BC-8EC7-699D5D9C7BC3}.Debug|Any CPU.Build.0 = Debug|Any CPU
		{66AABE63-4377-45BC-8EC7-699D5D9C7BC3}.Release|Any CPU.ActiveCfg = Release|Any CPU
		{66AABE63-4377-45BC-8EC7-699D5D9C7BC3}.Release|Any CPU.Build.0 = Release|Any CPU
		{F856EDFF-D28A-4AFA-A9BF-32C5B100B158}.Debug|Any CPU.ActiveCfg = Debug|Any CPU
		{F856EDFF-D28A-4AFA-A9BF-32C5B100B158}.Debug|Any CPU.Build.0 = Debug|Any CPU
		{F856EDFF-D28A-4AFA-A9BF-32C5B100B158}.Release|Any CPU.ActiveCfg = Release|Any CPU
		{F856EDFF-D28A-4AFA-A9BF-32C5B100B158}.Release|Any CPU.Build.0 = Release|Any CPU
		{B2C7D1DC-6462-4413-8D41-6F3F5A891517}.Debug|Any CPU.ActiveCfg = Debug|Any CPU
		{B2C7D1DC-6462-4413-8D41-6F3F5A891517}.Debug|Any CPU.Build.0 = Debug|Any CPU
		{B2C7D1DC-6462-4413-8D41-6F3F5A891517}.Release|Any CPU.ActiveCfg = Release|Any CPU
		{B2C7D1DC-6462-4413-8D41-6F3F5A891517}.Release|Any CPU.Build.0 = Release|Any CPU
		{5AFFF878-6A66-4BAB-9160-080215556EFD}.Debug|Any CPU.ActiveCfg = Debug|Any CPU
		{5AFFF878-6A66-4BAB-9160-080215556EFD}.Debug|Any CPU.Build.0 = Debug|Any CPU
		{5AFFF878-6A66-4BAB-9160-080215556EFD}.Release|Any CPU.ActiveCfg = Release|Any CPU
		{5AFFF878-6A66-4BAB-9160-080215556EFD}.Release|Any CPU.Build.0 = Release|Any CPU
	EndGlobalSection
	GlobalSection(SolutionProperties) = preSolution
		HideSolutionNode = FALSE
	EndGlobalSection
	GlobalSection(ExtensibilityGlobals) = postSolution
		SolutionGuid = {4FA20E5A-B29E-45E8-AA6F-0EEB1224652E}
	EndGlobalSection
EndGlobal
